
Microsoft Visual Studio Solution File, Format Version 12.00
# Visual Studio Version 17
VisualStudioVersion = 17.3.32825.248
MinimumVisualStudioVersion = 10.0.40219.1
Project("{FAE04EC0-301F-11D3-BF4B-00C04F79EFBC}") = "Battleships", "Battleships\Battleships.csproj", "{F7CC5101-2CD7-448D-A0D6-28A552CD17A7}"
EndProject
Global
	GlobalSection(SolutionConfigurationPlatforms) = preSolution
		Debug|Any CPU = Debug|Any CPU
		Release|Any CPU = Release|Any CPU
	EndGlobalSection
	GlobalSection(ProjectConfigurationPlatforms) = postSolution
		{F7CC5101-2CD7-448D-A0D6-28A552CD17A7}.Debug|Any CPU.ActiveCfg = Debug|Any CPU
		{F7CC5101-2CD7-448D-A0D6-28A552CD17A7}.Debug|Any CPU.Build.0 = Debug|Any CPU
		{F7CC5101-2CD7-448D-A0D6-28A552CD17A7}.Release|Any CPU.ActiveCfg = Release|Any CPU
		{F7CC5101-2CD7-448D-A0D6-28A552CD17A7}.Release|Any CPU.Build.0 = Release|Any CPU
	EndGlobalSection
	GlobalSection(SolutionProperties) = preSolution
		HideSolutionNode = FALSE
	EndGlobalSection
	GlobalSection(ExtensibilityGlobals) = postSolution
		SolutionGuid = {36C82A02-9D04-4E68-8A9E-023473E2C36B}
	EndGlobalSection
EndGlobal
