
Microsoft Visual Studio Solution File, Format Version 12.00
# Visual Studio Version 17
VisualStudioVersion = 17.3.32825.248
MinimumVisualStudioVersion = 10.0.40219.1
Project("{9A19103F-16F7-4668-BE54-9A1E7A4F7556}") = "BattleshipService", "BattleshipService.csproj", "{A4313D77-35D6-4885-9A04-76DE36CA001A}"
EndProject
Project("{FAE04EC0-301F-11D3-BF4B-00C04F79EFBC}") = "Battleship.Data", "..\Battleship.Data\Battleship.Data.csproj", "{207CE5B4-8B4E-4A47-938C-7561B46AA1DC}"
EndProject
Global
	GlobalSection(SolutionConfigurationPlatforms) = preSolution
		Debug|Any CPU = Debug|Any CPU
		Release|Any CPU = Release|Any CPU
	EndGlobalSection
	GlobalSection(ProjectConfigurationPlatforms) = postSolution
		{A4313D77-35D6-4885-9A04-76DE36CA001A}.Debug|Any CPU.ActiveCfg = Debug|Any CPU
		{A4313D77-35D6-4885-9A04-76DE36CA001A}.Debug|Any CPU.Build.0 = Debug|Any CPU
		{A4313D77-35D6-4885-9A04-76DE36CA001A}.Release|Any CPU.ActiveCfg = Release|Any CPU
		{A4313D77-35D6-4885-9A04-76DE36CA001A}.Release|Any CPU.Build.0 = Release|Any CPU
		{207CE5B4-8B4E-4A47-938C-7561B46AA1DC}.Debug|Any CPU.ActiveCfg = Debug|Any CPU
		{207CE5B4-8B4E-4A47-938C-7561B46AA1DC}.Debug|Any CPU.Build.0 = Debug|Any CPU
		{207CE5B4-8B4E-4A47-938C-7561B46AA1DC}.Release|Any CPU.ActiveCfg = Release|Any CPU
		{207CE5B4-8B4E-4A47-938C-7561B46AA1DC}.Release|Any CPU.Build.0 = Release|Any CPU
	EndGlobalSection
	GlobalSection(SolutionProperties) = preSolution
		HideSolutionNode = FALSE
	EndGlobalSection
	GlobalSection(ExtensibilityGlobals) = postSolution
		SolutionGuid = {E3D8D8FF-473E-49E4-9ADC-B10FE323F333}
	EndGlobalSection
EndGlobal
